// !$*UTF8*$!
{
	archiveVersion = 1;
	classes = {
	};
	objectVersion = 50;
	objects = {

/* Begin PBXBuildFile section */
		4D28D7332C6AC8756B1E5A95 /* Pods_SwiftQiitaReaderTests.framework in Frameworks */ = {isa = PBXBuildFile; fileRef = 67206BAD65E17B9666DEA552 /* Pods_SwiftQiitaReaderTests.framework */; };
		837E50AD22E48CE30029D978 /* AppDelegate.swift in Sources */ = {isa = PBXBuildFile; fileRef = 837E50AC22E48CE30029D978 /* AppDelegate.swift */; };
		837E50AF22E48CE30029D978 /* ViewController.swift in Sources */ = {isa = PBXBuildFile; fileRef = 837E50AE22E48CE30029D978 /* ViewController.swift */; };
		837E50B222E48CE30029D978 /* Main.storyboard in Resources */ = {isa = PBXBuildFile; fileRef = 837E50B022E48CE30029D978 /* Main.storyboard */; };
		837E50B422E48CE60029D978 /* Assets.xcassets in Resources */ = {isa = PBXBuildFile; fileRef = 837E50B322E48CE60029D978 /* Assets.xcassets */; };
		837E50B722E48CE60029D978 /* LaunchScreen.storyboard in Resources */ = {isa = PBXBuildFile; fileRef = 837E50B522E48CE60029D978 /* LaunchScreen.storyboard */; };
		837E50C222E48CE60029D978 /* SwiftQiitaReaderTests.swift in Sources */ = {isa = PBXBuildFile; fileRef = 837E50C122E48CE60029D978 /* SwiftQiitaReaderTests.swift */; };
		837E50CD22E48CE60029D978 /* SwiftQiitaReaderUITests.swift in Sources */ = {isa = PBXBuildFile; fileRef = 837E50CC22E48CE60029D978 /* SwiftQiitaReaderUITests.swift */; };
		88C4FE7412A7688D79B95508 /* Pods_SwiftQiitaReader.framework in Frameworks */ = {isa = PBXBuildFile; fileRef = 87420EBB4E2CF2A7CB851DCA /* Pods_SwiftQiitaReader.framework */; };
		C9587A71D7D922818700938E /* Pods_SwiftQiitaReaderUITests.framework in Frameworks */ = {isa = PBXBuildFile; fileRef = 6492AC5B1BB5C1004B2C91BB /* Pods_SwiftQiitaReaderUITests.framework */; };
/* End PBXBuildFile section */

/* Begin PBXContainerItemProxy section */
		837E50BE22E48CE60029D978 /* PBXContainerItemProxy */ = {
			isa = PBXContainerItemProxy;
			containerPortal = 837E50A122E48CE30029D978 /* Project object */;
			proxyType = 1;
			remoteGlobalIDString = 837E50A822E48CE30029D978;
			remoteInfo = SwiftQiitaReader;
		};
		837E50C922E48CE60029D978 /* PBXContainerItemProxy */ = {
			isa = PBXContainerItemProxy;
			containerPortal = 837E50A122E48CE30029D978 /* Project object */;
			proxyType = 1;
			remoteGlobalIDString = 837E50A822E48CE30029D978;
			remoteInfo = SwiftQiitaReader;
		};
/* End PBXContainerItemProxy section */

/* Begin PBXFileReference section */
		383B6F2C26A2EA24F6C6A6CA /* Pods-SwiftQiitaReaderUITests.release.xcconfig */ = {isa = PBXFileReference; includeInIndex = 1; lastKnownFileType = text.xcconfig; name = "Pods-SwiftQiitaReaderUITests.release.xcconfig"; path = "Target Support Files/Pods-SwiftQiitaReaderUITests/Pods-SwiftQiitaReaderUITests.release.xcconfig"; sourceTree = "<group>"; };
		6492AC5B1BB5C1004B2C91BB /* Pods_SwiftQiitaReaderUITests.framework */ = {isa = PBXFileReference; explicitFileType = wrapper.framework; includeInIndex = 0; path = Pods_SwiftQiitaReaderUITests.framework; sourceTree = BUILT_PRODUCTS_DIR; };
		65176FC44E5CD90F1C44D1EE /* Pods-SwiftQiitaReaderUITests.debug.xcconfig */ = {isa = PBXFileReference; includeInIndex = 1; lastKnownFileType = text.xcconfig; name = "Pods-SwiftQiitaReaderUITests.debug.xcconfig"; path = "Target Support Files/Pods-SwiftQiitaReaderUITests/Pods-SwiftQiitaReaderUITests.debug.xcconfig"; sourceTree = "<group>"; };
		67206BAD65E17B9666DEA552 /* Pods_SwiftQiitaReaderTests.framework */ = {isa = PBXFileReference; explicitFileType = wrapper.framework; includeInIndex = 0; path = Pods_SwiftQiitaReaderTests.framework; sourceTree = BUILT_PRODUCTS_DIR; };
		837E50A922E48CE30029D978 /* SwiftQiitaReader.app */ = {isa = PBXFileReference; explicitFileType = wrapper.application; includeInIndex = 0; path = SwiftQiitaReader.app; sourceTree = BUILT_PRODUCTS_DIR; };
		837E50AC22E48CE30029D978 /* AppDelegate.swift */ = {isa = PBXFileReference; lastKnownFileType = sourcecode.swift; path = AppDelegate.swift; sourceTree = "<group>"; };
		837E50AE22E48CE30029D978 /* ViewController.swift */ = {isa = PBXFileReference; lastKnownFileType = sourcecode.swift; path = ViewController.swift; sourceTree = "<group>"; };
		837E50B122E48CE30029D978 /* Base */ = {isa = PBXFileReference; lastKnownFileType = file.storyboard; name = Base; path = Base.lproj/Main.storyboard; sourceTree = "<group>"; };
		837E50B322E48CE60029D978 /* Assets.xcassets */ = {isa = PBXFileReference; lastKnownFileType = folder.assetcatalog; path = Assets.xcassets; sourceTree = "<group>"; };
		837E50B622E48CE60029D978 /* Base */ = {isa = PBXFileReference; lastKnownFileType = file.storyboard; name = Base; path = Base.lproj/LaunchScreen.storyboard; sourceTree = "<group>"; };
		837E50B822E48CE60029D978 /* Info.plist */ = {isa = PBXFileReference; lastKnownFileType = text.plist.xml; path = Info.plist; sourceTree = "<group>"; };
		837E50BD22E48CE60029D978 /* SwiftQiitaReaderTests.xctest */ = {isa = PBXFileReference; explicitFileType = wrapper.cfbundle; includeInIndex = 0; path = SwiftQiitaReaderTests.xctest; sourceTree = BUILT_PRODUCTS_DIR; };
		837E50C122E48CE60029D978 /* SwiftQiitaReaderTests.swift */ = {isa = PBXFileReference; lastKnownFileType = sourcecode.swift; path = SwiftQiitaReaderTests.swift; sourceTree = "<group>"; };
		837E50C322E48CE60029D978 /* Info.plist */ = {isa = PBXFileReference; lastKnownFileType = text.plist.xml; path = Info.plist; sourceTree = "<group>"; };
		837E50C822E48CE60029D978 /* SwiftQiitaReaderUITests.xctest */ = {isa = PBXFileReference; explicitFileType = wrapper.cfbundle; includeInIndex = 0; path = SwiftQiitaReaderUITests.xctest; sourceTree = BUILT_PRODUCTS_DIR; };
		837E50CC22E48CE60029D978 /* SwiftQiitaReaderUITests.swift */ = {isa = PBXFileReference; lastKnownFileType = sourcecode.swift; path = SwiftQiitaReaderUITests.swift; sourceTree = "<group>"; };
		837E50CE22E48CE60029D978 /* Info.plist */ = {isa = PBXFileReference; lastKnownFileType = text.plist.xml; path = Info.plist; sourceTree = "<group>"; };
		87420EBB4E2CF2A7CB851DCA /* Pods_SwiftQiitaReader.framework */ = {isa = PBXFileReference; explicitFileType = wrapper.framework; includeInIndex = 0; path = Pods_SwiftQiitaReader.framework; sourceTree = BUILT_PRODUCTS_DIR; };
		ADBD3B5F7FB14910ECE43050 /* Pods-SwiftQiitaReader.debug.xcconfig */ = {isa = PBXFileReference; includeInIndex = 1; lastKnownFileType = text.xcconfig; name = "Pods-SwiftQiitaReader.debug.xcconfig"; path = "Target Support Files/Pods-SwiftQiitaReader/Pods-SwiftQiitaReader.debug.xcconfig"; sourceTree = "<group>"; };
		B8C09676B79A2DA78835A69E /* Pods-SwiftQiitaReaderTests.release.xcconfig */ = {isa = PBXFileReference; includeInIndex = 1; lastKnownFileType = text.xcconfig; name = "Pods-SwiftQiitaReaderTests.release.xcconfig"; path = "Target Support Files/Pods-SwiftQiitaReaderTests/Pods-SwiftQiitaReaderTests.release.xcconfig"; sourceTree = "<group>"; };
		C1894EFB3970A5F737FD8237 /* Pods-SwiftQiitaReader.release.xcconfig */ = {isa = PBXFileReference; includeInIndex = 1; lastKnownFileType = text.xcconfig; name = "Pods-SwiftQiitaReader.release.xcconfig"; path = "Target Support Files/Pods-SwiftQiitaReader/Pods-SwiftQiitaReader.release.xcconfig"; sourceTree = "<group>"; };
		DD173E368F4DA157C5D3DAE5 /* Pods-SwiftQiitaReaderTests.debug.xcconfig */ = {isa = PBXFileReference; includeInIndex = 1; lastKnownFileType = text.xcconfig; name = "Pods-SwiftQiitaReaderTests.debug.xcconfig"; path = "Target Support Files/Pods-SwiftQiitaReaderTests/Pods-SwiftQiitaReaderTests.debug.xcconfig"; sourceTree = "<group>"; };
/* End PBXFileReference section */

/* Begin PBXFrameworksBuildPhase section */
		837E50A622E48CE30029D978 /* Frameworks */ = {
			isa = PBXFrameworksBuildPhase;
			buildActionMask = 2147483647;
			files = (
				88C4FE7412A7688D79B95508 /* Pods_SwiftQiitaReader.framework in Frameworks */,
			);
			runOnlyForDeploymentPostprocessing = 0;
		};
		837E50BA22E48CE60029D978 /* Frameworks */ = {
			isa = PBXFrameworksBuildPhase;
			buildActionMask = 2147483647;
			files = (
				4D28D7332C6AC8756B1E5A95 /* Pods_SwiftQiitaReaderTests.framework in Frameworks */,
			);
			runOnlyForDeploymentPostprocessing = 0;
		};
		837E50C522E48CE60029D978 /* Frameworks */ = {
			isa = PBXFrameworksBuildPhase;
			buildActionMask = 2147483647;
			files = (
				C9587A71D7D922818700938E /* Pods_SwiftQiitaReaderUITests.framework in Frameworks */,
			);
			runOnlyForDeploymentPostprocessing = 0;
		};
/* End PBXFrameworksBuildPhase section */

/* Begin PBXGroup section */
		46BAF3DBA654EA20DD8FED24 /* Pods */ = {
			isa = PBXGroup;
			children = (
				ADBD3B5F7FB14910ECE43050 /* Pods-SwiftQiitaReader.debug.xcconfig */,
				C1894EFB3970A5F737FD8237 /* Pods-SwiftQiitaReader.release.xcconfig */,
				DD173E368F4DA157C5D3DAE5 /* Pods-SwiftQiitaReaderTests.debug.xcconfig */,
				B8C09676B79A2DA78835A69E /* Pods-SwiftQiitaReaderTests.release.xcconfig */,
				65176FC44E5CD90F1C44D1EE /* Pods-SwiftQiitaReaderUITests.debug.xcconfig */,
				383B6F2C26A2EA24F6C6A6CA /* Pods-SwiftQiitaReaderUITests.release.xcconfig */,
			);
			name = Pods;
			path = Pods;
			sourceTree = "<group>";
		};
		837E50A022E48CE30029D978 = {
			isa = PBXGroup;
			children = (
				837E50AB22E48CE30029D978 /* SwiftQiitaReader */,
				837E50C022E48CE60029D978 /* SwiftQiitaReaderTests */,
				837E50CB22E48CE60029D978 /* SwiftQiitaReaderUITests */,
				837E50AA22E48CE30029D978 /* Products */,
				46BAF3DBA654EA20DD8FED24 /* Pods */,
				BF4C58FF6E74DDBC5CCC628B /* Frameworks */,
			);
			sourceTree = "<group>";
		};
		837E50AA22E48CE30029D978 /* Products */ = {
			isa = PBXGroup;
			children = (
				837E50A922E48CE30029D978 /* SwiftQiitaReader.app */,
				837E50BD22E48CE60029D978 /* SwiftQiitaReaderTests.xctest */,
				837E50C822E48CE60029D978 /* SwiftQiitaReaderUITests.xctest */,
			);
			name = Products;
			sourceTree = "<group>";
		};
		837E50AB22E48CE30029D978 /* SwiftQiitaReader */ = {
			isa = PBXGroup;
			children = (
				837E50AC22E48CE30029D978 /* AppDelegate.swift */,
				837E50AE22E48CE30029D978 /* ViewController.swift */,
				837E50B022E48CE30029D978 /* Main.storyboard */,
				837E50B322E48CE60029D978 /* Assets.xcassets */,
				837E50B522E48CE60029D978 /* LaunchScreen.storyboard */,
				837E50B822E48CE60029D978 /* Info.plist */,
			);
			path = SwiftQiitaReader;
			sourceTree = "<group>";
		};
		837E50C022E48CE60029D978 /* SwiftQiitaReaderTests */ = {
			isa = PBXGroup;
			children = (
				837E50C122E48CE60029D978 /* SwiftQiitaReaderTests.swift */,
				837E50C322E48CE60029D978 /* Info.plist */,
			);
			path = SwiftQiitaReaderTests;
			sourceTree = "<group>";
		};
		837E50CB22E48CE60029D978 /* SwiftQiitaReaderUITests */ = {
			isa = PBXGroup;
			children = (
				837E50CC22E48CE60029D978 /* SwiftQiitaReaderUITests.swift */,
				837E50CE22E48CE60029D978 /* Info.plist */,
			);
			path = SwiftQiitaReaderUITests;
			sourceTree = "<group>";
		};
		BF4C58FF6E74DDBC5CCC628B /* Frameworks */ = {
			isa = PBXGroup;
			children = (
				87420EBB4E2CF2A7CB851DCA /* Pods_SwiftQiitaReader.framework */,
				67206BAD65E17B9666DEA552 /* Pods_SwiftQiitaReaderTests.framework */,
				6492AC5B1BB5C1004B2C91BB /* Pods_SwiftQiitaReaderUITests.framework */,
			);
			name = Frameworks;
			sourceTree = "<group>";
		};
/* End PBXGroup section */

/* Begin PBXNativeTarget section */
		837E50A822E48CE30029D978 /* SwiftQiitaReader */ = {
			isa = PBXNativeTarget;
			buildConfigurationList = 837E50D122E48CE60029D978 /* Build configuration list for PBXNativeTarget "SwiftQiitaReader" */;
			buildPhases = (
				2B6682F78A85CBEF2CA29EA8 /* [CP] Check Pods Manifest.lock */,
				837E50A522E48CE30029D978 /* Sources */,
				837E50A622E48CE30029D978 /* Frameworks */,
				837E50A722E48CE30029D978 /* Resources */,
				0F142E889D152D9055A0399F /* [CP] Embed Pods Frameworks */,
			);
			buildRules = (
			);
			dependencies = (
			);
			name = SwiftQiitaReader;
			productName = SwiftQiitaReader;
			productReference = 837E50A922E48CE30029D978 /* SwiftQiitaReader.app */;
			productType = "com.apple.product-type.application";
		};
		837E50BC22E48CE60029D978 /* SwiftQiitaReaderTests */ = {
			isa = PBXNativeTarget;
			buildConfigurationList = 837E50D422E48CE60029D978 /* Build configuration list for PBXNativeTarget "SwiftQiitaReaderTests" */;
			buildPhases = (
				264796F2C3013913755F6A9B /* [CP] Check Pods Manifest.lock */,
				837E50B922E48CE60029D978 /* Sources */,
				837E50BA22E48CE60029D978 /* Frameworks */,
				837E50BB22E48CE60029D978 /* Resources */,
			);
			buildRules = (
			);
			dependencies = (
				837E50BF22E48CE60029D978 /* PBXTargetDependency */,
			);
			name = SwiftQiitaReaderTests;
			productName = SwiftQiitaReaderTests;
			productReference = 837E50BD22E48CE60029D978 /* SwiftQiitaReaderTests.xctest */;
			productType = "com.apple.product-type.bundle.unit-test";
		};
		837E50C722E48CE60029D978 /* SwiftQiitaReaderUITests */ = {
			isa = PBXNativeTarget;
			buildConfigurationList = 837E50D722E48CE60029D978 /* Build configuration list for PBXNativeTarget "SwiftQiitaReaderUITests" */;
			buildPhases = (
				4D317BC09C25824105052ABF /* [CP] Check Pods Manifest.lock */,
				837E50C422E48CE60029D978 /* Sources */,
				837E50C522E48CE60029D978 /* Frameworks */,
				837E50C622E48CE60029D978 /* Resources */,
			);
			buildRules = (
			);
			dependencies = (
				837E50CA22E48CE60029D978 /* PBXTargetDependency */,
			);
			name = SwiftQiitaReaderUITests;
			productName = SwiftQiitaReaderUITests;
			productReference = 837E50C822E48CE60029D978 /* SwiftQiitaReaderUITests.xctest */;
			productType = "com.apple.product-type.bundle.ui-testing";
		};
/* End PBXNativeTarget section */

/* Begin PBXProject section */
		837E50A122E48CE30029D978 /* Project object */ = {
			isa = PBXProject;
			attributes = {
				LastSwiftUpdateCheck = 1010;
				LastUpgradeCheck = 1010;
				ORGANIZATIONNAME = kudo;
				TargetAttributes = {
					837E50A822E48CE30029D978 = {
						CreatedOnToolsVersion = 10.1;
					};
					837E50BC22E48CE60029D978 = {
						CreatedOnToolsVersion = 10.1;
						TestTargetID = 837E50A822E48CE30029D978;
					};
					837E50C722E48CE60029D978 = {
						CreatedOnToolsVersion = 10.1;
						TestTargetID = 837E50A822E48CE30029D978;
					};
				};
			};
			buildConfigurationList = 837E50A422E48CE30029D978 /* Build configuration list for PBXProject "SwiftQiitaReader" */;
			compatibilityVersion = "Xcode 9.3";
			developmentRegion = en;
			hasScannedForEncodings = 0;
			knownRegions = (
				en,
				Base,
			);
			mainGroup = 837E50A022E48CE30029D978;
			productRefGroup = 837E50AA22E48CE30029D978 /* Products */;
			projectDirPath = "";
			projectRoot = "";
			targets = (
				837E50A822E48CE30029D978 /* SwiftQiitaReader */,
				837E50BC22E48CE60029D978 /* SwiftQiitaReaderTests */,
				837E50C722E48CE60029D978 /* SwiftQiitaReaderUITests */,
			);
		};
/* End PBXProject section */

/* Begin PBXResourcesBuildPhase section */
		837E50A722E48CE30029D978 /* Resources */ = {
			isa = PBXResourcesBuildPhase;
			buildActionMask = 2147483647;
			files = (
				837E50B722E48CE60029D978 /* LaunchScreen.storyboard in Resources */,
				837E50B422E48CE60029D978 /* Assets.xcassets in Resources */,
				837E50B222E48CE30029D978 /* Main.storyboard in Resources */,
			);
			runOnlyForDeploymentPostprocessing = 0;
		};
		837E50BB22E48CE60029D978 /* Resources */ = {
			isa = PBXResourcesBuildPhase;
			buildActionMask = 2147483647;
			files = (
			);
			runOnlyForDeploymentPostprocessing = 0;
		};
		837E50C622E48CE60029D978 /* Resources */ = {
			isa = PBXResourcesBuildPhase;
			buildActionMask = 2147483647;
			files = (
			);
			runOnlyForDeploymentPostprocessing = 0;
		};
/* End PBXResourcesBuildPhase section */

/* Begin PBXShellScriptBuildPhase section */
		0F142E889D152D9055A0399F /* [CP] Embed Pods Frameworks */ = {
			isa = PBXShellScriptBuildPhase;
			buildActionMask = 2147483647;
			files = (
			);
			inputFileListPaths = (
				"${PODS_ROOT}/Target Support Files/Pods-SwiftQiitaReader/Pods-SwiftQiitaReader-frameworks-${CONFIGURATION}-input-files.xcfilelist",
			);
			name = "[CP] Embed Pods Frameworks";
			outputFileListPaths = (
				"${PODS_ROOT}/Target Support Files/Pods-SwiftQiitaReader/Pods-SwiftQiitaReader-frameworks-${CONFIGURATION}-output-files.xcfilelist",
			);
			runOnlyForDeploymentPostprocessing = 0;
			shellPath = /bin/sh;
			shellScript = "\"${PODS_ROOT}/Target Support Files/Pods-SwiftQiitaReader/Pods-SwiftQiitaReader-frameworks.sh\"\n";
			showEnvVarsInLog = 0;
		};
		264796F2C3013913755F6A9B /* [CP] Check Pods Manifest.lock */ = {
			isa = PBXShellScriptBuildPhase;
			buildActionMask = 2147483647;
			files = (
			);
			inputFileListPaths = (
			);
			inputPaths = (
				"${PODS_PODFILE_DIR_PATH}/Podfile.lock",
				"${PODS_ROOT}/Manifest.lock",
			);
			name = "[CP] Check Pods Manifest.lock";
			outputFileListPaths = (
			);
			outputPaths = (
				"$(DERIVED_FILE_DIR)/Pods-SwiftQiitaReaderTests-checkManifestLockResult.txt",
			);
			runOnlyForDeploymentPostprocessing = 0;
			shellPath = /bin/sh;
			shellScript = "diff \"${PODS_PODFILE_DIR_PATH}/Podfile.lock\" \"${PODS_ROOT}/Manifest.lock\" > /dev/null\nif [ $? != 0 ] ; then\n    # print error to STDERR\n    echo \"error: The sandbox is not in sync with the Podfile.lock. Run 'pod install' or update your CocoaPods installation.\" >&2\n    exit 1\nfi\n# This output is used by Xcode 'outputs' to avoid re-running this script phase.\necho \"SUCCESS\" > \"${SCRIPT_OUTPUT_FILE_0}\"\n";
			showEnvVarsInLog = 0;
		};
		2B6682F78A85CBEF2CA29EA8 /* [CP] Check Pods Manifest.lock */ = {
			isa = PBXShellScriptBuildPhase;
			buildActionMask = 2147483647;
			files = (
			);
			inputFileListPaths = (
			);
			inputPaths = (
				"${PODS_PODFILE_DIR_PATH}/Podfile.lock",
				"${PODS_ROOT}/Manifest.lock",
			);
			name = "[CP] Check Pods Manifest.lock";
			outputFileListPaths = (
			);
			outputPaths = (
				"$(DERIVED_FILE_DIR)/Pods-SwiftQiitaReader-checkManifestLockResult.txt",
			);
			runOnlyForDeploymentPostprocessing = 0;
			shellPath = /bin/sh;
			shellScript = "diff \"${PODS_PODFILE_DIR_PATH}/Podfile.lock\" \"${PODS_ROOT}/Manifest.lock\" > /dev/null\nif [ $? != 0 ] ; then\n    # print error to STDERR\n    echo \"error: The sandbox is not in sync with the Podfile.lock. Run 'pod install' or update your CocoaPods installation.\" >&2\n    exit 1\nfi\n# This output is used by Xcode 'outputs' to avoid re-running this script phase.\necho \"SUCCESS\" > \"${SCRIPT_OUTPUT_FILE_0}\"\n";
			showEnvVarsInLog = 0;
		};
		4D317BC09C25824105052ABF /* [CP] Check Pods Manifest.lock */ = {
			isa = PBXShellScriptBuildPhase;
			buildActionMask = 2147483647;
			files = (
			);
			inputFileListPaths = (
			);
			inputPaths = (
				"${PODS_PODFILE_DIR_PATH}/Podfile.lock",
				"${PODS_ROOT}/Manifest.lock",
			);
			name = "[CP] Check Pods Manifest.lock";
			outputFileListPaths = (
			);
			outputPaths = (
				"$(DERIVED_FILE_DIR)/Pods-SwiftQiitaReaderUITests-checkManifestLockResult.txt",
			);
			runOnlyForDeploymentPostprocessing = 0;
			shellPath = /bin/sh;
			shellScript = "diff \"${PODS_PODFILE_DIR_PATH}/Podfile.lock\" \"${PODS_ROOT}/Manifest.lock\" > /dev/null\nif [ $? != 0 ] ; then\n    # print error to STDERR\n    echo \"error: The sandbox is not in sync with the Podfile.lock. Run 'pod install' or update your CocoaPods installation.\" >&2\n    exit 1\nfi\n# This output is used by Xcode 'outputs' to avoid re-running this script phase.\necho \"SUCCESS\" > \"${SCRIPT_OUTPUT_FILE_0}\"\n";
			showEnvVarsInLog = 0;
		};
/* End PBXShellScriptBuildPhase section */

/* Begin PBXSourcesBuildPhase section */
		837E50A522E48CE30029D978 /* Sources */ = {
			isa = PBXSourcesBuildPhase;
			buildActionMask = 2147483647;
			files = (
				837E50AF22E48CE30029D978 /* ViewController.swift in Sources */,
				837E50AD22E48CE30029D978 /* AppDelegate.swift in Sources */,
			);
			runOnlyForDeploymentPostprocessing = 0;
		};
		837E50B922E48CE60029D978 /* Sources */ = {
			isa = PBXSourcesBuildPhase;
			buildActionMask = 2147483647;
			files = (
				837E50C222E48CE60029D978 /* SwiftQiitaReaderTests.swift in Sources */,
			);
			runOnlyForDeploymentPostprocessing = 0;
		};
		837E50C422E48CE60029D978 /* Sources */ = {
			isa = PBXSourcesBuildPhase;
			buildActionMask = 2147483647;
			files = (
				837E50CD22E48CE60029D978 /* SwiftQiitaReaderUITests.swift in Sources */,
			);
			runOnlyForDeploymentPostprocessing = 0;
		};
/* End PBXSourcesBuildPhase section */

/* Begin PBXTargetDependency section */
		837E50BF22E48CE60029D978 /* PBXTargetDependency */ = {
			isa = PBXTargetDependency;
			target = 837E50A822E48CE30029D978 /* SwiftQiitaReader */;
			targetProxy = 837E50BE22E48CE60029D978 /* PBXContainerItemProxy */;
		};
		837E50CA22E48CE60029D978 /* PBXTargetDependency */ = {
			isa = PBXTargetDependency;
			target = 837E50A822E48CE30029D978 /* SwiftQiitaReader */;
			targetProxy = 837E50C922E48CE60029D978 /* PBXContainerItemProxy */;
		};
/* End PBXTargetDependency section */

/* Begin PBXVariantGroup section */
		837E50B022E48CE30029D978 /* Main.storyboard */ = {
			isa = PBXVariantGroup;
			children = (
				837E50B122E48CE30029D978 /* Base */,
			);
			name = Main.storyboard;
			sourceTree = "<group>";
		};
		837E50B522E48CE60029D978 /* LaunchScreen.storyboard */ = {
			isa = PBXVariantGroup;
			children = (
				837E50B622E48CE60029D978 /* Base */,
			);
			name = LaunchScreen.storyboard;
			sourceTree = "<group>";
		};
/* End PBXVariantGroup section */

/* Begin XCBuildConfiguration section */
		837E50CF22E48CE60029D978 /* Debug */ = {
			isa = XCBuildConfiguration;
			buildSettings = {
				ALWAYS_SEARCH_USER_PATHS = NO;
				CLANG_ANALYZER_NONNULL = YES;
				CLANG_ANALYZER_NUMBER_OBJECT_CONVERSION = YES_AGGRESSIVE;
				CLANG_CXX_LANGUAGE_STANDARD = "gnu++14";
				CLANG_CXX_LIBRARY = "libc++";
				CLANG_ENABLE_MODULES = YES;
				CLANG_ENABLE_OBJC_ARC = YES;
				CLANG_ENABLE_OBJC_WEAK = YES;
				CLANG_WARN_BLOCK_CAPTURE_AUTORELEASING = YES;
				CLANG_WARN_BOOL_CONVERSION = YES;
				CLANG_WARN_COMMA = YES;
				CLANG_WARN_CONSTANT_CONVERSION = YES;
				CLANG_WARN_DEPRECATED_OBJC_IMPLEMENTATIONS = YES;
				CLANG_WARN_DIRECT_OBJC_ISA_USAGE = YES_ERROR;
				CLANG_WARN_DOCUMENTATION_COMMENTS = YES;
				CLANG_WARN_EMPTY_BODY = YES;
				CLANG_WARN_ENUM_CONVERSION = YES;
				CLANG_WARN_INFINITE_RECURSION = YES;
				CLANG_WARN_INT_CONVERSION = YES;
				CLANG_WARN_NON_LITERAL_NULL_CONVERSION = YES;
				CLANG_WARN_OBJC_IMPLICIT_RETAIN_SELF = YES;
				CLANG_WARN_OBJC_LITERAL_CONVERSION = YES;
				CLANG_WARN_OBJC_ROOT_CLASS = YES_ERROR;
				CLANG_WARN_RANGE_LOOP_ANALYSIS = YES;
				CLANG_WARN_STRICT_PROTOTYPES = YES;
				CLANG_WARN_SUSPICIOUS_MOVE = YES;
				CLANG_WARN_UNGUARDED_AVAILABILITY = YES_AGGRESSIVE;
				CLANG_WARN_UNREACHABLE_CODE = YES;
				CLANG_WARN__DUPLICATE_METHOD_MATCH = YES;
				CODE_SIGN_IDENTITY = "iPhone Developer";
				COPY_PHASE_STRIP = NO;
				DEBUG_INFORMATION_FORMAT = dwarf;
				ENABLE_STRICT_OBJC_MSGSEND = YES;
				ENABLE_TESTABILITY = YES;
				GCC_C_LANGUAGE_STANDARD = gnu11;
				GCC_DYNAMIC_NO_PIC = NO;
				GCC_NO_COMMON_BLOCKS = YES;
				GCC_OPTIMIZATION_LEVEL = 0;
				GCC_PREPROCESSOR_DEFINITIONS = (
					"DEBUG=1",
					"$(inherited)",
				);
				GCC_WARN_64_TO_32_BIT_CONVERSION = YES;
				GCC_WARN_ABOUT_RETURN_TYPE = YES_ERROR;
				GCC_WARN_UNDECLARED_SELECTOR = YES;
				GCC_WARN_UNINITIALIZED_AUTOS = YES_AGGRESSIVE;
				GCC_WARN_UNUSED_FUNCTION = YES;
				GCC_WARN_UNUSED_VARIABLE = YES;
				IPHONEOS_DEPLOYMENT_TARGET = 12.1;
				MTL_ENABLE_DEBUG_INFO = INCLUDE_SOURCE;
				MTL_FAST_MATH = YES;
				ONLY_ACTIVE_ARCH = YES;
				SDKROOT = iphoneos;
				SWIFT_ACTIVE_COMPILATION_CONDITIONS = DEBUG;
				SWIFT_OPTIMIZATION_LEVEL = "-Onone";
			};
			name = Debug;
		};
		837E50D022E48CE60029D978 /* Release */ = {
			isa = XCBuildConfiguration;
			buildSettings = {
				ALWAYS_SEARCH_USER_PATHS = NO;
				CLANG_ANALYZER_NONNULL = YES;
				CLANG_ANALYZER_NUMBER_OBJECT_CONVERSION = YES_AGGRESSIVE;
				CLANG_CXX_LANGUAGE_STANDARD = "gnu++14";
				CLANG_CXX_LIBRARY = "libc++";
				CLANG_ENABLE_MODULES = YES;
				CLANG_ENABLE_OBJC_ARC = YES;
				CLANG_ENABLE_OBJC_WEAK = YES;
				CLANG_WARN_BLOCK_CAPTURE_AUTORELEASING = YES;
				CLANG_WARN_BOOL_CONVERSION = YES;
				CLANG_WARN_COMMA = YES;
				CLANG_WARN_CONSTANT_CONVERSION = YES;
				CLANG_WARN_DEPRECATED_OBJC_IMPLEMENTATIONS = YES;
				CLANG_WARN_DIRECT_OBJC_ISA_USAGE = YES_ERROR;
				CLANG_WARN_DOCUMENTATION_COMMENTS = YES;
				CLANG_WARN_EMPTY_BODY = YES;
				CLANG_WARN_ENUM_CONVERSION = YES;
				CLANG_WARN_INFINITE_RECURSION = YES;
				CLANG_WARN_INT_CONVERSION = YES;
				CLANG_WARN_NON_LITERAL_NULL_CONVERSION = YES;
				CLANG_WARN_OBJC_IMPLICIT_RETAIN_SELF = YES;
				CLANG_WARN_OBJC_LITERAL_CONVERSION = YES;
				CLANG_WARN_OBJC_ROOT_CLASS = YES_ERROR;
				CLANG_WARN_RANGE_LOOP_ANALYSIS = YES;
				CLANG_WARN_STRICT_PROTOTYPES = YES;
				CLANG_WARN_SUSPICIOUS_MOVE = YES;
				CLANG_WARN_UNGUARDED_AVAILABILITY = YES_AGGRESSIVE;
				CLANG_WARN_UNREACHABLE_CODE = YES;
				CLANG_WARN__DUPLICATE_METHOD_MATCH = YES;
				CODE_SIGN_IDENTITY = "iPhone Developer";
				COPY_PHASE_STRIP = NO;
				DEBUG_INFORMATION_FORMAT = "dwarf-with-dsym";
				ENABLE_NS_ASSERTIONS = NO;
				ENABLE_STRICT_OBJC_MSGSEND = YES;
				GCC_C_LANGUAGE_STANDARD = gnu11;
				GCC_NO_COMMON_BLOCKS = YES;
				GCC_WARN_64_TO_32_BIT_CONVERSION = YES;
				GCC_WARN_ABOUT_RETURN_TYPE = YES_ERROR;
				GCC_WARN_UNDECLARED_SELECTOR = YES;
				GCC_WARN_UNINITIALIZED_AUTOS = YES_AGGRESSIVE;
				GCC_WARN_UNUSED_FUNCTION = YES;
				GCC_WARN_UNUSED_VARIABLE = YES;
				IPHONEOS_DEPLOYMENT_TARGET = 12.1;
				MTL_ENABLE_DEBUG_INFO = NO;
				MTL_FAST_MATH = YES;
				SDKROOT = iphoneos;
				SWIFT_COMPILATION_MODE = wholemodule;
				SWIFT_OPTIMIZATION_LEVEL = "-O";
				VALIDATE_PRODUCT = YES;
			};
			name = Release;
		};
		837E50D222E48CE60029D978 /* Debug */ = {
			isa = XCBuildConfiguration;
			baseConfigurationReference = ADBD3B5F7FB14910ECE43050 /* Pods-SwiftQiitaReader.debug.xcconfig */;
			buildSettings = {
				ASSETCATALOG_COMPILER_APPICON_NAME = AppIcon;
				CODE_SIGN_STYLE = Automatic;
				INFOPLIST_FILE = SwiftQiitaReader/Info.plist;
				LD_RUNPATH_SEARCH_PATHS = (
					"$(inherited)",
					"@executable_path/Frameworks",
				);
				PRODUCT_BUNDLE_IDENTIFIER = com.SwiftQiitaReader;
				PRODUCT_NAME = "$(TARGET_NAME)";
				SWIFT_VERSION = 4.2;
				TARGETED_DEVICE_FAMILY = "1,2";
			};
			name = Debug;
		};
		837E50D322E48CE60029D978 /* Release */ = {
			isa = XCBuildConfiguration;
			baseConfigurationReference = C1894EFB3970A5F737FD8237 /* Pods-SwiftQiitaReader.release.xcconfig */;
			buildSettings = {
				ASSETCATALOG_COMPILER_APPICON_NAME = AppIcon;
				CODE_SIGN_STYLE = Automatic;
				INFOPLIST_FILE = SwiftQiitaReader/Info.plist;
				LD_RUNPATH_SEARCH_PATHS = (
					"$(inherited)",
					"@executable_path/Frameworks",
				);
				PRODUCT_BUNDLE_IDENTIFIER = com.SwiftQiitaReader;
				PRODUCT_NAME = "$(TARGET_NAME)";
				SWIFT_VERSION = 4.2;
				TARGETED_DEVICE_FAMILY = "1,2";
			};
			name = Release;
		};
		837E50D522E48CE60029D978 /* Debug */ = {
			isa = XCBuildConfiguration;
			baseConfigurationReference = DD173E368F4DA157C5D3DAE5 /* Pods-SwiftQiitaReaderTests.debug.xcconfig */;
			buildSettings = {
				ALWAYS_EMBED_SWIFT_STANDARD_LIBRARIES = YES;
				BUNDLE_LOADER = "$(TEST_HOST)";
				CODE_SIGN_STYLE = Automatic;
				INFOPLIST_FILE = SwiftQiitaReaderTests/Info.plist;
				LD_RUNPATH_SEARCH_PATHS = (
					"$(inherited)",
					"@executable_path/Frameworks",
					"@loader_path/Frameworks",
				);
				PRODUCT_BUNDLE_IDENTIFIER = com.SwiftQiitaReaderTests;
				PRODUCT_NAME = "$(TARGET_NAME)";
				SWIFT_VERSION = 4.2;
				TARGETED_DEVICE_FAMILY = "1,2";
				TEST_HOST = "$(BUILT_PRODUCTS_DIR)/SwiftQiitaReader.app/SwiftQiitaReader";
			};
			name = Debug;
		};
		837E50D622E48CE60029D978 /* Release */ = {
			isa = XCBuildConfiguration;
			baseConfigurationReference = B8C09676B79A2DA78835A69E /* Pods-SwiftQiitaReaderTests.release.xcconfig */;
			buildSettings = {
				ALWAYS_EMBED_SWIFT_STANDARD_LIBRARIES = YES;
				BUNDLE_LOADER = "$(TEST_HOST)";
				CODE_SIGN_STYLE = Automatic;
				INFOPLIST_FILE = SwiftQiitaReaderTests/Info.plist;
				LD_RUNPATH_SEARCH_PATHS = (
					"$(inherited)",
					"@executable_path/Frameworks",
					"@loader_path/Frameworks",
				);
				PRODUCT_BUNDLE_IDENTIFIER = com.SwiftQiitaReaderTests;
				PRODUCT_NAME = "$(TARGET_NAME)";
				SWIFT_VERSION = 4.2;
				TARGETED_DEVICE_FAMILY = "1,2";
				TEST_HOST = "$(BUILT_PRODUCTS_DIR)/SwiftQiitaReader.app/SwiftQiitaReader";
			};
			name = Release;
		};
		837E50D822E48CE60029D978 /* Debug */ = {
			isa = XCBuildConfiguration;
			baseConfigurationReference = 65176FC44E5CD90F1C44D1EE /* Pods-SwiftQiitaReaderUITests.debug.xcconfig */;
			buildSettings = {
				ALWAYS_EMBED_SWIFT_STANDARD_LIBRARIES = YES;
				CODE_SIGN_STYLE = Automatic;
				INFOPLIST_FILE = SwiftQiitaReaderUITests/Info.plist;
				LD_RUNPATH_SEARCH_PATHS = (
					"$(inherited)",
					"@executable_path/Frameworks",
					"@loader_path/Frameworks",
				);
				PRODUCT_BUNDLE_IDENTIFIER = com.SwiftQiitaReaderUITests;
				PRODUCT_NAME = "$(TARGET_NAME)";
				SWIFT_VERSION = 4.2;
				TARGETED_DEVICE_FAMILY = "1,2";
				TEST_TARGET_NAME = SwiftQiitaReader;
			};
			name = Debug;
		};
		837E50D922E48CE60029D978 /* Release */ = {
			isa = XCBuildConfiguration;
			baseConfigurationReference = 383B6F2C26A2EA24F6C6A6CA /* Pods-SwiftQiitaReaderUITests.release.xcconfig */;
			buildSettings = {
				ALWAYS_EMBED_SWIFT_STANDARD_LIBRARIES = YES;
				CODE_SIGN_STYLE = Automatic;
				INFOPLIST_FILE = SwiftQiitaReaderUITests/Info.plist;
				LD_RUNPATH_SEARCH_PATHS = (
					"$(inherited)",
					"@executable_path/Frameworks",
					"@loader_path/Frameworks",
				);
				PRODUCT_BUNDLE_IDENTIFIER = com.SwiftQiitaReaderUITests;
				PRODUCT_NAME = "$(TARGET_NAME)";
				SWIFT_VERSION = 4.2;
				TARGETED_DEVICE_FAMILY = "1,2";
				TEST_TARGET_NAME = SwiftQiitaReader;
			};
			name = Release;
		};
/* End XCBuildConfiguration section */

/* Begin XCConfigurationList section */
		837E50A422E48CE30029D978 /* Build configuration list for PBXProject "SwiftQiitaReader" */ = {
			isa = XCConfigurationList;
			buildConfigurations = (
				837E50CF22E48CE60029D978 /* Debug */,
				837E50D022E48CE60029D978 /* Release */,
			);
			defaultConfigurationIsVisible = 0;
			defaultConfigurationName = Release;
		};
		837E50D122E48CE60029D978 /* Build configuration list for PBXNativeTarget "SwiftQiitaReader" */ = {
			isa = XCConfigurationList;
			buildConfigurations = (
				837E50D222E48CE60029D978 /* Debug */,
				837E50D322E48CE60029D978 /* Release */,
			);
			defaultConfigurationIsVisible = 0;
			defaultConfigurationName = Release;
		};
		837E50D422E48CE60029D978 /* Build configuration list for PBXNativeTarget "SwiftQiitaReaderTests" */ = {
			isa = XCConfigurationList;
			buildConfigurations = (
				837E50D522E48CE60029D978 /* Debug */,
				837E50D622E48CE60029D978 /* Release */,
			);
			defaultConfigurationIsVisible = 0;
			defaultConfigurationName = Release;
		};
		837E50D722E48CE60029D978 /* Build configuration list for PBXNativeTarget "SwiftQiitaReaderUITests" */ = {
			isa = XCConfigurationList;
			buildConfigurations = (
				837E50D822E48CE60029D978 /* Debug */,
				837E50D922E48CE60029D978 /* Release */,
			);
			defaultConfigurationIsVisible = 0;
			defaultConfigurationName = Release;
		};
/* End XCConfigurationList section */
	};
	rootObject = 837E50A122E48CE30029D978 /* Project object */;
}
